dependencies:
- name: nemotron-3.5-lightning-30b-a3b
  repository: file://./charts/nemotron-3.5-lightning-30b-a3b
  version: 3.3.0
- name: cosmos-reason2-8b
  repository: file://./charts/cosmos-reason2-8b
  version: 3.3.0
- name: cosmos3-reasoner
  repository: file://./charts/cosmos3-reasoner
  version: 3.3.0
digest: sha256:c39c49742a2a5891783bc382e9241c217eef699772f3ee52ed94957a5e0aac68
generated: "2026-08-25T20:29:59.768611681Z"
