dependencies:
- name: vss-rtvi-cv
  repository: file://./charts/rtvi-cv
  version: 3.3.0
- name: vss-rtvi-vlm
  repository: file://./charts/rtvi-vlm
  version: 3.3.0
- name: vss-rtvi-embed
  repository: file://./charts/rtvi-embed
  version: 3.3.0
digest: sha256:f05de41e744128fcaa16940f01ecd096b829073d3b22b1e495159221950aaaac
generated: "2026-08-19T11:18:55.049423+05:30"
