dependencies:
- name: vios
  repository: file://../../services/vios
  version: 3.3.0
- name: infra
  repository: file://../../services/infra
  version: 3.3.0
- name: rtvi
  repository: file://../../services/rtvi
  version: 3.3.0
- name: analytics
  repository: file://../../services/analytics
  version: 3.3.0
- name: agent
  repository: file://../../services/agent
  version: 3.3.0
- name: vss-agent-ui
  repository: file://../../services/ui
  version: 3.3.0
- name: nims
  repository: file://../../services/nims
  version: 3.3.0
digest: sha256:e2dc1d1218b8ff6f568eeb6e399777ed935897aab84da5310fe5fa13472848a0
generated: "2026-08-19T11:18:26.89357+05:30"
