dependencies:
- name: vss-behavior-analytics
  repository: file://./charts/behavior-analytics
  version: 3.3.0
- name: vss-video-analytics-api
  repository: file://./charts/video-analytics-api
  version: 3.3.0
- name: video-analytics-ui
  repository: file://./charts/video-analytics-ui
  version: 3.3.0
digest: sha256:0baf90307f1e4dbb9adeaf8012b5967516259a81e57a877a1ada75e30d1cd993
generated: "2026-08-19T11:18:54.870487+05:30"
